
Microsoft Visual Studio Solution File, Format Version 12.00
# Visual Studio Version 17
VisualStudioVersion = 17.12.35506.116
MinimumVisualStudioVersion = 10.0.40219.1
Project("{FAE04EC0-301F-11D3-BF4B-00C04F79EFBC}") = "WebHop.Server", "WebHop.Server\WebHop.Server.csproj", "{42F6512D-2E3F-4E4D-AF6A-0C4B34DD59ED}"
	ProjectSection(ProjectDependencies) = postProject
		{539E4C5C-1D78-4279-A838-ADAD57EB6224} = {539E4C5C-1D78-4279-A838-ADAD57EB6224}
	EndProjectSection
EndProject
Project("{FAE04EC0-301F-11D3-BF4B-00C04F79EFBC}") = "WebHop.Gateway", "WebHop.Gateway\WebHop.Gateway.csproj", "{771D547E-29E5-4AEE-88D4-79EC99E46377}"
	ProjectSection(ProjectDependencies) = postProject
		{539E4C5C-1D78-4279-A838-ADAD57EB6224} = {539E4C5C-1D78-4279-A838-ADAD57EB6224}
	EndProjectSection
EndProject
Project("{FAE04EC0-301F-11D3-BF4B-00C04F79EFBC}") = "WebHop.Example", "WebHop.Example\WebHop.Example.csproj", "{102D37DA-ED45-4CA4-BFD2-E946E357532F}"
	ProjectSection(ProjectDependencies) = postProject
		{42F6512D-2E3F-4E4D-AF6A-0C4B34DD59ED} = {42F6512D-2E3F-4E4D-AF6A-0C4B34DD59ED}
	EndProjectSection
EndProject
Project("{FAE04EC0-301F-11D3-BF4B-00C04F79EFBC}") = "WebHop.Core", "WebHop.Core\WebHop.Core.csproj", "{539E4C5C-1D78-4279-A838-ADAD57EB6224}"
EndProject
Project("{FAE04EC0-301F-11D3-BF4B-00C04F79EFBC}") = "WebHop.CLI", "WebHop.CLI\WebHop.CLI.csproj", "{243A8B7C-5D2E-1CDF-20CC-0238FEC30E0C}"
EndProject
Project("{FAE04EC0-301F-11D3-BF4B-00C04F79EFBC}") = "WebHop.Tests", "WebHop.Tests\WebHop.Tests.csproj", "{A7042C36-6FD6-ABA9-F548-AD7F5219A2AC}"
EndProject
Project("{FAE04EC0-301F-11D3-BF4B-00C04F79EFBC}") = "WebHop.Gateway.Host", "WebHop.Gateway.Host\WebHop.Gateway.Host.csproj", "{5BFD8003-4651-48BB-BBA9-35B6529ADF94}"
EndProject
Global
	GlobalSection(SolutionConfigurationPlatforms) = preSolution
		Debug|Any CPU = Debug|Any CPU
		Debug|x64 = Debug|x64
		Debug|x86 = Debug|x86
		Release|Any CPU = Release|Any CPU
		Release|x64 = Release|x64
		Release|x86 = Release|x86
	EndGlobalSection
	GlobalSection(ProjectConfigurationPlatforms) = postSolution
		{42F6512D-2E3F-4E4D-AF6A-0C4B34DD59ED}.Debug|Any CPU.ActiveCfg = Debug|Any CPU
		{42F6512D-2E3F-4E4D-AF6A-0C4B34DD59ED}.Debug|Any CPU.Build.0 = Debug|Any CPU
		{42F6512D-2E3F-4E4D-AF6A-0C4B34DD59ED}.Debug|x64.ActiveCfg = Debug|Any CPU
		{42F6512D-2E3F-4E4D-AF6A-0C4B34DD59ED}.Debug|x64.Build.0 = Debug|Any CPU
		{42F6512D-2E3F-4E4D-AF6A-0C4B34DD59ED}.Debug|x86.ActiveCfg = Debug|Any CPU
		{42F6512D-2E3F-4E4D-AF6A-0C4B34DD59ED}.Debug|x86.Build.0 = Debug|Any CPU
		{42F6512D-2E3F-4E4D-AF6A-0C4B34DD59ED}.Release|Any CPU.ActiveCfg = Release|Any CPU
		{42F6512D-2E3F-4E4D-AF6A-0C4B34DD59ED}.Release|Any CPU.Build.0 = Release|Any CPU
		{42F6512D-2E3F-4E4D-AF6A-0C4B34DD59ED}.Release|x64.ActiveCfg = Release|Any CPU
		{42F6512D-2E3F-4E4D-AF6A-0C4B34DD59ED}.Release|x64.Build.0 = Release|Any CPU
		{42F6512D-2E3F-4E4D-AF6A-0C4B34DD59ED}.Release|x86.ActiveCfg = Release|Any CPU
		{42F6512D-2E3F-4E4D-AF6A-0C4B34DD59ED}.Release|x86.Build.0 = Release|Any CPU
		{771D547E-29E5-4AEE-88D4-79EC99E46377}.Debug|Any CPU.ActiveCfg = Debug|Any CPU
		{771D547E-29E5-4AEE-88D4-79EC99E46377}.Debug|Any CPU.Build.0 = Debug|Any CPU
		{771D547E-29E5-4AEE-88D4-79EC99E46377}.Debug|x64.ActiveCfg = Debug|Any CPU
		{771D547E-29E5-4AEE-88D4-79EC99E46377}.Debug|x64.Build.0 = Debug|Any CPU
		{771D547E-29E5-4AEE-88D4-79EC99E46377}.Debug|x86.ActiveCfg = Debug|Any CPU
		{771D547E-29E5-4AEE-88D4-79EC99E46377}.Debug|x86.Build.0 = Debug|Any CPU
		{771D547E-29E5-4AEE-88D4-79EC99E46377}.Release|Any CPU.ActiveCfg = Release|Any CPU
		{771D547E-29E5-4AEE-88D4-79EC99E46377}.Release|Any CPU.Build.0 = Release|Any CPU
		{771D547E-29E5-4AEE-88D4-79EC99E46377}.Release|x64.ActiveCfg = Release|Any CPU
		{771D547E-29E5-4AEE-88D4-79EC99E46377}.Release|x64.Build.0 = Release|Any CPU
		{771D547E-29E5-4AEE-88D4-79EC99E46377}.Release|x86.ActiveCfg = Release|Any CPU
		{771D547E-29E5-4AEE-88D4-79EC99E46377}.Release|x86.Build.0 = Release|Any CPU
		{102D37DA-ED45-4CA4-BFD2-E946E357532F}.Debug|Any CPU.ActiveCfg = Debug|Any CPU
		{102D37DA-ED45-4CA4-BFD2-E946E357532F}.Debug|Any CPU.Build.0 = Debug|Any CPU
		{102D37DA-ED45-4CA4-BFD2-E946E357532F}.Debug|x64.ActiveCfg = Debug|Any CPU
		{102D37DA-ED45-4CA4-BFD2-E946E357532F}.Debug|x64.Build.0 = Debug|Any CPU
		{102D37DA-ED45-4CA4-BFD2-E946E357532F}.Debug|x86.ActiveCfg = Debug|Any CPU
		{102D37DA-ED45-4CA4-BFD2-E946E357532F}.Debug|x86.Build.0 = Debug|Any CPU
		{102D37DA-ED45-4CA4-BFD2-E946E357532F}.Release|Any CPU.ActiveCfg = Release|Any CPU
		{102D37DA-ED45-4CA4-BFD2-E946E357532F}.Release|Any CPU.Build.0 = Release|Any CPU
		{102D37DA-ED45-4CA4-BFD2-E946E357532F}.Release|x64.ActiveCfg = Release|Any CPU
		{102D37DA-ED45-4CA4-BFD2-E946E357532F}.Release|x64.Build.0 = Release|Any CPU
		{102D37DA-ED45-4CA4-BFD2-E946E357532F}.Release|x86.ActiveCfg = Release|Any CPU
		{102D37DA-ED45-4CA4-BFD2-E946E357532F}.Release|x86.Build.0 = Release|Any CPU
		{539E4C5C-1D78-4279-A838-ADAD57EB6224}.Debug|Any CPU.ActiveCfg = Debug|Any CPU
		{539E4C5C-1D78-4279-A838-ADAD57EB6224}.Debug|Any CPU.Build.0 = Debug|Any CPU
		{539E4C5C-1D78-4279-A838-ADAD57EB6224}.Debug|x64.ActiveCfg = Debug|Any CPU
		{539E4C5C-1D78-4279-A838-ADAD57EB6224}.Debug|x64.Build.0 = Debug|Any CPU
		{539E4C5C-1D78-4279-A838-ADAD57EB6224}.Debug|x86.ActiveCfg = Debug|Any CPU
		{539E4C5C-1D78-4279-A838-ADAD57EB6224}.Debug|x86.Build.0 = Debug|Any CPU
		{539E4C5C-1D78-4279-A838-ADAD57EB6224}.Release|Any CPU.ActiveCfg = Release|Any CPU
		{539E4C5C-1D78-4279-A838-ADAD57EB6224}.Release|Any CPU.Build.0 = Release|Any CPU
		{539E4C5C-1D78-4279-A838-ADAD57EB6224}.Release|x64.ActiveCfg = Release|Any CPU
		{539E4C5C-1D78-4279-A838-ADAD57EB6224}.Release|x64.Build.0 = Release|Any CPU
		{539E4C5C-1D78-4279-A838-ADAD57EB6224}.Release|x86.ActiveCfg = Release|Any CPU
		{539E4C5C-1D78-4279-A838-ADAD57EB6224}.Release|x86.Build.0 = Release|Any CPU
		{243A8B7C-5D2E-1CDF-20CC-0238FEC30E0C}.Debug|Any CPU.ActiveCfg = Debug|Any CPU
		{243A8B7C-5D2E-1CDF-20CC-0238FEC30E0C}.Debug|Any CPU.Build.0 = Debug|Any CPU
		{243A8B7C-5D2E-1CDF-20CC-0238FEC30E0C}.Debug|x64.ActiveCfg = Debug|Any CPU
		{243A8B7C-5D2E-1CDF-20CC-0238FEC30E0C}.Debug|x64.Build.0 = Debug|Any CPU
		{243A8B7C-5D2E-1CDF-20CC-0238FEC30E0C}.Debug|x86.ActiveCfg = Debug|Any CPU
		{243A8B7C-5D2E-1CDF-20CC-0238FEC30E0C}.Debug|x86.Build.0 = Debug|Any CPU
		{243A8B7C-5D2E-1CDF-20CC-0238FEC30E0C}.Release|Any CPU.ActiveCfg = Release|Any CPU
		{243A8B7C-5D2E-1CDF-20CC-0238FEC30E0C}.Release|Any CPU.Build.0 = Release|Any CPU
		{243A8B7C-5D2E-1CDF-20CC-0238FEC30E0C}.Release|x64.ActiveCfg = Release|Any CPU
		{243A8B7C-5D2E-1CDF-20CC-0238FEC30E0C}.Release|x64.Build.0 = Release|Any CPU
		{243A8B7C-5D2E-1CDF-20CC-0238FEC30E0C}.Release|x86.ActiveCfg = Release|Any CPU
		{243A8B7C-5D2E-1CDF-20CC-0238FEC30E0C}.Release|x86.Build.0 = Release|Any CPU
		{A7042C36-6FD6-ABA9-F548-AD7F5219A2AC}.Debug|Any CPU.ActiveCfg = Debug|Any CPU
		{A7042C36-6FD6-ABA9-F548-AD7F5219A2AC}.Debug|Any CPU.Build.0 = Debug|Any CPU
		{A7042C36-6FD6-ABA9-F548-AD7F5219A2AC}.Debug|x64.ActiveCfg = Debug|Any CPU
		{A7042C36-6FD6-ABA9-F548-AD7F5219A2AC}.Debug|x64.Build.0 = Debug|Any CPU
		{A7042C36-6FD6-ABA9-F548-AD7F5219A2AC}.Debug|x86.ActiveCfg = Debug|Any CPU
		{A7042C36-6FD6-ABA9-F548-AD7F5219A2AC}.Debug|x86.Build.0 = Debug|Any CPU
		{A7042C36-6FD6-ABA9-F548-AD7F5219A2AC}.Release|Any CPU.ActiveCfg = Release|Any CPU
		{A7042C36-6FD6-ABA9-F548-AD7F5219A2AC}.Release|Any CPU.Build.0 = Release|Any CPU
		{A7042C36-6FD6-ABA9-F548-AD7F5219A2AC}.Release|x64.ActiveCfg = Release|Any CPU
		{A7042C36-6FD6-ABA9-F548-AD7F5219A2AC}.Release|x64.Build.0 = Release|Any CPU
		{A7042C36-6FD6-ABA9-F548-AD7F5219A2AC}.Release|x86.ActiveCfg = Release|Any CPU
		{A7042C36-6FD6-ABA9-F548-AD7F5219A2AC}.Release|x86.Build.0 = Release|Any CPU
		{5BFD8003-4651-48BB-BBA9-35B6529ADF94}.Debug|Any CPU.ActiveCfg = Debug|Any CPU
		{5BFD8003-4651-48BB-BBA9-35B6529ADF94}.Debug|Any CPU.Build.0 = Debug|Any CPU
		{5BFD8003-4651-48BB-BBA9-35B6529ADF94}.Debug|x64.ActiveCfg = Debug|Any CPU
		{5BFD8003-4651-48BB-BBA9-35B6529ADF94}.Debug|x64.Build.0 = Debug|Any CPU
		{5BFD8003-4651-48BB-BBA9-35B6529ADF94}.Debug|x86.ActiveCfg = Debug|Any CPU
		{5BFD8003-4651-48BB-BBA9-35B6529ADF94}.Debug|x86.Build.0 = Debug|Any CPU
		{5BFD8003-4651-48BB-BBA9-35B6529ADF94}.Release|Any CPU.ActiveCfg = Release|Any CPU
		{5BFD8003-4651-48BB-BBA9-35B6529ADF94}.Release|Any CPU.Build.0 = Release|Any CPU
		{5BFD8003-4651-48BB-BBA9-35B6529ADF94}.Release|x64.ActiveCfg = Release|Any CPU
		{5BFD8003-4651-48BB-BBA9-35B6529ADF94}.Release|x64.Build.0 = Release|Any CPU
		{5BFD8003-4651-48BB-BBA9-35B6529ADF94}.Release|x86.ActiveCfg = Release|Any CPU
		{5BFD8003-4651-48BB-BBA9-35B6529ADF94}.Release|x86.Build.0 = Release|Any CPU
	EndGlobalSection
	GlobalSection(SolutionProperties) = preSolution
		HideSolutionNode = FALSE
	EndGlobalSection
EndGlobal
